
Microsoft Visual Studio Solution File, Format Version 12.00
# Visual Studio Version 16
VisualStudioVersion = 16.0.31105.61
MinimumVisualStudioVersion = 10.0.40219.1
Project("{9A19103F-16F7-4668-BE54-9A1E7A4F7556}") = "Roommate.API", "Roommate.API\Roommate.API.csproj", "{7397A69B-02F2-489F-BB79-BD36464907F6}"
	ProjectSection(ProjectDependencies) = postProject
		{508ED47B-11F6-4B84-9C61-968CC09D8B25} = {508ED47B-11F6-4B84-9C61-968CC09D8B25}
		{CBAD4189-B9C5-48D9-9344-E3566F637653} = {CBAD4189-B9C5-48D9-9344-E3566F637653}
		{E19F30A7-40E7-4B8D-BAE4-8210195EF076} = {E19F30A7-40E7-4B8D-BAE4-8210195EF076}
	EndProjectSection
EndProject
Project("{9A19103F-16F7-4668-BE54-9A1E7A4F7556}") = "Roommate.Core", "Roommate.Core\Roommate.Core.csproj", "{522FE8BA-0949-4A46-928F-4C81E5DCEEAA}"
EndProject
Project("{9A19103F-16F7-4668-BE54-9A1E7A4F7556}") = "Roommate.DB", "Roommate.DB\Roommate.DB.csproj", "{508ED47B-11F6-4B84-9C61-968CC09D8B25}"
EndProject
Project("{9A19103F-16F7-4668-BE54-9A1E7A4F7556}") = "Roommate.Model", "Roommate.Model\Roommate.Model.csproj", "{E19F30A7-40E7-4B8D-BAE4-8210195EF076}"
EndProject
Project("{9A19103F-16F7-4668-BE54-9A1E7A4F7556}") = "Roommate.Service", "Roommate.Service\Roommate.Service.csproj", "{CBAD4189-B9C5-48D9-9344-E3566F637653}"
EndProject
Global
	GlobalSection(SolutionConfigurationPlatforms) = preSolution
		Debug|Any CPU = Debug|Any CPU
		Release|Any CPU = Release|Any CPU
	EndGlobalSection
	GlobalSection(ProjectConfigurationPlatforms) = postSolution
		{7397A69B-02F2-489F-BB79-BD36464907F6}.Debug|Any CPU.ActiveCfg = Debug|Any CPU
		{7397A69B-02F2-489F-BB79-BD36464907F6}.Debug|Any CPU.Build.0 = Debug|Any CPU
		{7397A69B-02F2-489F-BB79-BD36464907F6}.Release|Any CPU.ActiveCfg = Release|Any CPU
		{7397A69B-02F2-489F-BB79-BD36464907F6}.Release|Any CPU.Build.0 = Release|Any CPU
		{522FE8BA-0949-4A46-928F-4C81E5DCEEAA}.Debug|Any CPU.ActiveCfg = Debug|Any CPU
		{522FE8BA-0949-4A46-928F-4C81E5DCEEAA}.Debug|Any CPU.Build.0 = Debug|Any CPU
		{522FE8BA-0949-4A46-928F-4C81E5DCEEAA}.Release|Any CPU.ActiveCfg = Release|Any CPU
		{522FE8BA-0949-4A46-928F-4C81E5DCEEAA}.Release|Any CPU.Build.0 = Release|Any CPU
		{508ED47B-11F6-4B84-9C61-968CC09D8B25}.Debug|Any CPU.ActiveCfg = Debug|Any CPU
		{508ED47B-11F6-4B84-9C61-968CC09D8B25}.Debug|Any CPU.Build.0 = Debug|Any CPU
		{508ED47B-11F6-4B84-9C61-968CC09D8B25}.Release|Any CPU.ActiveCfg = Release|Any CPU
		{508ED47B-11F6-4B84-9C61-968CC09D8B25}.Release|Any CPU.Build.0 = Release|Any CPU
		{E19F30A7-40E7-4B8D-BAE4-8210195EF076}.Debug|Any CPU.ActiveCfg = Debug|Any CPU
		{E19F30A7-40E7-4B8D-BAE4-8210195EF076}.Debug|Any CPU.Build.0 = Debug|Any CPU
		{E19F30A7-40E7-4B8D-BAE4-8210195EF076}.Release|Any CPU.ActiveCfg = Release|Any CPU
		{E19F30A7-40E7-4B8D-BAE4-8210195EF076}.Release|Any CPU.Build.0 = Release|Any CPU
		{CBAD4189-B9C5-48D9-9344-E3566F637653}.Debug|Any CPU.ActiveCfg = Debug|Any CPU
		{CBAD4189-B9C5-48D9-9344-E3566F637653}.Debug|Any CPU.Build.0 = Debug|Any CPU
		{CBAD4189-B9C5-48D9-9344-E3566F637653}.Release|Any CPU.ActiveCfg = Release|Any CPU
		{CBAD4189-B9C5-48D9-9344-E3566F637653}.Release|Any CPU.Build.0 = Release|Any CPU
	EndGlobalSection
	GlobalSection(SolutionProperties) = preSolution
		HideSolutionNode = FALSE
	EndGlobalSection
	GlobalSection(ExtensibilityGlobals) = postSolution
		SolutionGuid = {24324575-DE23-4F37-ACDE-CED6EA622034}
	EndGlobalSection
EndGlobal
